
Microsoft Visual Studio Solution File, Format Version 12.00
# Visual Studio Version 17
VisualStudioVersion = 17.3.32929.385
MinimumVisualStudioVersion = 10.0.40219.1
Project("{9A19103F-16F7-4668-BE54-9A1E7A4F7556}") = "PythonAPI", "ConsoleApp1\PythonAPI.csproj", "{CDA7DEE2-84DA-448B-92FF-7C7CB03F0680}"
EndProject
Global
	GlobalSection(SolutionConfigurationPlatforms) = preSolution
		Debug|Any CPU = Debug|Any CPU
		Release|Any CPU = Release|Any CPU
	EndGlobalSection
	GlobalSection(ProjectConfigurationPlatforms) = postSolution
		{CDA7DEE2-84DA-448B-92FF-7C7CB03F0680}.Debug|Any CPU.ActiveCfg = Debug|Any CPU
		{CDA7DEE2-84DA-448B-92FF-7C7CB03F0680}.Debug|Any CPU.Build.0 = Debug|Any CPU
		{CDA7DEE2-84DA-448B-92FF-7C7CB03F0680}.Release|Any CPU.ActiveCfg = Release|Any CPU
		{CDA7DEE2-84DA-448B-92FF-7C7CB03F0680}.Release|Any CPU.Build.0 = Release|Any CPU
	EndGlobalSection
	GlobalSection(SolutionProperties) = preSolution
		HideSolutionNode = FALSE
	EndGlobalSection
	GlobalSection(ExtensibilityGlobals) = postSolution
		SolutionGuid = {7A6E5292-517C-4A98-8192-3F0FE20CD693}
	EndGlobalSection
EndGlobal
